// !$*UTF8*$!
{
	archiveVersion = 1;
	classes = {
	};
	objectVersion = 56;
	objects = {

/* Begin PBXBuildFile section */
		138BF415C613174DC83867AB /* Pods_Tactile_Vision.framework in Frameworks */ = {isa = PBXBuildFile; fileRef = A8DC3F3E0E4B7A9669C8AADC /* Pods_Tactile_Vision.framework */; };
		6E0309A82C99BA4900A575B3 /* MediaPipeCoordinator.swift in Sources */ = {isa = PBXBuildFile; fileRef = 6E0309A72C99BA4900A575B3 /* MediaPipeCoordinator.swift */; };
		6E0309AB2C99BA6F00A575B3 /* GestureRecognizerService.swift in Sources */ = {isa = PBXBuildFile; fileRef = 6E0309AA2C99BA6F00A575B3 /* GestureRecognizerService.swift */; };
		6E0309AD2C99BBF000A575B3 /* gesture_recognizer.task in Resources */ = {isa = PBXBuildFile; fileRef = 6E0309AC2C99BBF000A575B3 /* gesture_recognizer.task */; };
		6E1A6BEE2C612AC900490E16 /* TactileVisionApp.swift in Sources */ = {isa = PBXBuildFile; fileRef = 6E1A6BED2C612AC900490E16 /* TactileVisionApp.swift */; };
		6E1A6BF02C612AC900490E16 /* MainScreen.swift in Sources */ = {isa = PBXBuildFile; fileRef = 6E1A6BEF2C612AC900490E16 /* MainScreen.swift */; };
		6E1A6BF22C612ACB00490E16 /* Assets.xcassets in Resources */ = {isa = PBXBuildFile; fileRef = 6E1A6BF12C612ACB00490E16 /* Assets.xcassets */; };
		6E1A6BF52C612ACB00490E16 /* Preview Assets.xcassets in Resources */ = {isa = PBXBuildFile; fileRef = 6E1A6BF42C612ACB00490E16 /* Preview Assets.xcassets */; };
		6E1A6BFE2C612B6600490E16 /* ARViewContainer.swift in Sources */ = {isa = PBXBuildFile; fileRef = 6E1A6BFD2C612B6600490E16 /* ARViewContainer.swift */; };
		6E1A6C002C612BBD00490E16 /* ARSettingsScreen.swift in Sources */ = {isa = PBXBuildFile; fileRef = 6E1A6BFF2C612BBD00490E16 /* ARSettingsScreen.swift */; };
		6E1A6C022C612BDF00490E16 /* ARSettings.swift in Sources */ = {isa = PBXBuildFile; fileRef = 6E1A6C012C612BDF00490E16 /* ARSettings.swift */; };
		6E55D9492C628F8500EC1068 /* ARView+Extensions.swift in Sources */ = {isa = PBXBuildFile; fileRef = 6E55D9482C628F8500EC1068 /* ARView+Extensions.swift */; };
		6E55D94D2C64F1A000EC1068 /* ARConfiguration+Extensions.swift in Sources */ = {isa = PBXBuildFile; fileRef = 6E55D94C2C64F1A000EC1068 /* ARConfiguration+Extensions.swift */; };
		6E55D94F2C65118F00EC1068 /* ARWorldTrackingConfiguration+Extensions.swift in Sources */ = {isa = PBXBuildFile; fileRef = 6E55D94E2C65118F00EC1068 /* ARWorldTrackingConfiguration+Extensions.swift */; };
		6E6A88762C68A0B600BA2103 /* VisionCoordinator.swift in Sources */ = {isa = PBXBuildFile; fileRef = 6E6A88752C68A0B600BA2103 /* VisionCoordinator.swift */; };
		6E6A88782C68AAB500BA2103 /* CVPixelBuffer+Extensions.swift in Sources */ = {isa = PBXBuildFile; fileRef = 6E6A88772C68AAB500BA2103 /* CVPixelBuffer+Extensions.swift */; };
		6E6A887A2C68AADB00BA2103 /* ARFrame+Extensions.swift in Sources */ = {isa = PBXBuildFile; fileRef = 6E6A88792C68AADB00BA2103 /* ARFrame+Extensions.swift */; };
		6E6A88802C6DF03300BA2103 /* simd_float+Extensions.swift in Sources */ = {isa = PBXBuildFile; fileRef = 6E6A887F2C6DF03300BA2103 /* simd_float+Extensions.swift */; };
		6E6C225B2C9AC3CB007F602E /* BlueDress in Frameworks */ = {isa = PBXBuildFile; productRef = 6E6C225A2C9AC3CB007F602E /* BlueDress */; };
		6E6C225D2C9B3360007F602E /* ARSettingsCoordinator.swift in Sources */ = {isa = PBXBuildFile; fileRef = 6E6C225C2C9B3360007F602E /* ARSettingsCoordinator.swift */; };
		6E6C225F2C9B3511007F602E /* Binding+Extensions.swift in Sources */ = {isa = PBXBuildFile; fileRef = 6E6C225E2C9B3510007F602E /* Binding+Extensions.swift */; };
		6E6C22632C9B37DB007F602E /* MediaPipe+Extensions.swift in Sources */ = {isa = PBXBuildFile; fileRef = 6E6C22622C9B37DB007F602E /* MediaPipe+Extensions.swift */; };
		6E6C22652C9C1822007F602E /* ARDepthData+Extensions.swift in Sources */ = {isa = PBXBuildFile; fileRef = 6E6C22642C9C1822007F602E /* ARDepthData+Extensions.swift */; };
		6E7C4E9F2C81BECF005859FF /* CustomButton.swift in Sources */ = {isa = PBXBuildFile; fileRef = 6E7C4E9E2C81BECF005859FF /* CustomButton.swift */; };
		6EE20FAE2CB812FF00AF4955 /* HandTrackingSettingsScreen.swift in Sources */ = {isa = PBXBuildFile; fileRef = 6EE20FAD2CB812FF00AF4955 /* HandTrackingSettingsScreen.swift */; };
		6EE20FB02CB81D6C00AF4955 /* HandTrackingSettings.swift in Sources */ = {isa = PBXBuildFile; fileRef = 6EE20FAF2CB81D6C00AF4955 /* HandTrackingSettings.swift */; };
		6EF774882CB9681D00372AC8 /* CGPoint+Extensions.swift in Sources */ = {isa = PBXBuildFile; fileRef = 6EF774872CB9681D00372AC8 /* CGPoint+Extensions.swift */; };
		6EF7748A2CB98A4700372AC8 /* Vision+Extensions.swift in Sources */ = {isa = PBXBuildFile; fileRef = 6EF774892CB98A4700372AC8 /* Vision+Extensions.swift */; };
/* End PBXBuildFile section */

/* Begin PBXCopyFilesBuildPhase section */
		6E6C22582C9AC39A007F602E /* Embed Frameworks */ = {
			isa = PBXCopyFilesBuildPhase;
			buildActionMask = 2147483647;
			dstPath = "";
			dstSubfolderSpec = 10;
			files = (
			);
			name = "Embed Frameworks";
			runOnlyForDeploymentPostprocessing = 0;
		};
/* End PBXCopyFilesBuildPhase section */

/* Begin PBXFileReference section */
		6E0309A72C99BA4900A575B3 /* MediaPipeCoordinator.swift */ = {isa = PBXFileReference; lastKnownFileType = sourcecode.swift; path = MediaPipeCoordinator.swift; sourceTree = "<group>"; };
		6E0309AA2C99BA6F00A575B3 /* GestureRecognizerService.swift */ = {isa = PBXFileReference; lastKnownFileType = sourcecode.swift; path = GestureRecognizerService.swift; sourceTree = "<group>"; };
		6E0309AC2C99BBF000A575B3 /* gesture_recognizer.task */ = {isa = PBXFileReference; lastKnownFileType = file; path = gesture_recognizer.task; sourceTree = "<group>"; };
		6E1A6BEA2C612AC900490E16 /* Tactile Vision.app */ = {isa = PBXFileReference; explicitFileType = wrapper.application; includeInIndex = 0; path = "Tactile Vision.app"; sourceTree = BUILT_PRODUCTS_DIR; };
		6E1A6BED2C612AC900490E16 /* TactileVisionApp.swift */ = {isa = PBXFileReference; lastKnownFileType = sourcecode.swift; path = TactileVisionApp.swift; sourceTree = "<group>"; };
		6E1A6BEF2C612AC900490E16 /* MainScreen.swift */ = {isa = PBXFileReference; lastKnownFileType = sourcecode.swift; path = MainScreen.swift; sourceTree = "<group>"; };
		6E1A6BF12C612ACB00490E16 /* Assets.xcassets */ = {isa = PBXFileReference; lastKnownFileType = folder.assetcatalog; path = Assets.xcassets; sourceTree = "<group>"; };
		6E1A6BF42C612ACB00490E16 /* Preview Assets.xcassets */ = {isa = PBXFileReference; lastKnownFileType = folder.assetcatalog; path = "Preview Assets.xcassets"; sourceTree = "<group>"; };
		6E1A6BFD2C612B6600490E16 /* ARViewContainer.swift */ = {isa = PBXFileReference; lastKnownFileType = sourcecode.swift; path = ARViewContainer.swift; sourceTree = "<group>"; };
		6E1A6BFF2C612BBD00490E16 /* ARSettingsScreen.swift */ = {isa = PBXFileReference; lastKnownFileType = sourcecode.swift; path = ARSettingsScreen.swift; sourceTree = "<group>"; };
		6E1A6C012C612BDF00490E16 /* ARSettings.swift */ = {isa = PBXFileReference; lastKnownFileType = sourcecode.swift; path = ARSettings.swift; sourceTree = "<group>"; };
		6E55D9482C628F8500EC1068 /* ARView+Extensions.swift */ = {isa = PBXFileReference; lastKnownFileType = sourcecode.swift; path = "ARView+Extensions.swift"; sourceTree = "<group>"; };
		6E55D94C2C64F1A000EC1068 /* ARConfiguration+Extensions.swift */ = {isa = PBXFileReference; lastKnownFileType = sourcecode.swift; path = "ARConfiguration+Extensions.swift"; sourceTree = "<group>"; };
		6E55D94E2C65118F00EC1068 /* ARWorldTrackingConfiguration+Extensions.swift */ = {isa = PBXFileReference; lastKnownFileType = sourcecode.swift; path = "ARWorldTrackingConfiguration+Extensions.swift"; sourceTree = "<group>"; };
		6E6A88752C68A0B600BA2103 /* VisionCoordinator.swift */ = {isa = PBXFileReference; lastKnownFileType = sourcecode.swift; path = VisionCoordinator.swift; sourceTree = "<group>"; };
		6E6A88772C68AAB500BA2103 /* CVPixelBuffer+Extensions.swift */ = {isa = PBXFileReference; lastKnownFileType = sourcecode.swift; path = "CVPixelBuffer+Extensions.swift"; sourceTree = "<group>"; };
		6E6A88792C68AADB00BA2103 /* ARFrame+Extensions.swift */ = {isa = PBXFileReference; lastKnownFileType = sourcecode.swift; path = "ARFrame+Extensions.swift"; sourceTree = "<group>"; };
		6E6A887F2C6DF03300BA2103 /* simd_float+Extensions.swift */ = {isa = PBXFileReference; lastKnownFileType = sourcecode.swift; path = "simd_float+Extensions.swift"; sourceTree = "<group>"; };
		6E6C225C2C9B3360007F602E /* ARSettingsCoordinator.swift */ = {isa = PBXFileReference; lastKnownFileType = sourcecode.swift; path = ARSettingsCoordinator.swift; sourceTree = "<group>"; };
		6E6C225E2C9B3510007F602E /* Binding+Extensions.swift */ = {isa = PBXFileReference; lastKnownFileType = sourcecode.swift; path = "Binding+Extensions.swift"; sourceTree = "<group>"; };
		6E6C22622C9B37DB007F602E /* MediaPipe+Extensions.swift */ = {isa = PBXFileReference; lastKnownFileType = sourcecode.swift; path = "MediaPipe+Extensions.swift"; sourceTree = "<group>"; };
		6E6C22642C9C1822007F602E /* ARDepthData+Extensions.swift */ = {isa = PBXFileReference; lastKnownFileType = sourcecode.swift; path = "ARDepthData+Extensions.swift"; sourceTree = "<group>"; };
		6E7C4E9E2C81BECF005859FF /* CustomButton.swift */ = {isa = PBXFileReference; lastKnownFileType = sourcecode.swift; path = CustomButton.swift; sourceTree = "<group>"; };
		6EE20FAD2CB812FF00AF4955 /* HandTrackingSettingsScreen.swift */ = {isa = PBXFileReference; lastKnownFileType = sourcecode.swift; path = HandTrackingSettingsScreen.swift; sourceTree = "<group>"; };
		6EE20FAF2CB81D6C00AF4955 /* HandTrackingSettings.swift */ = {isa = PBXFileReference; lastKnownFileType = sourcecode.swift; path = HandTrackingSettings.swift; sourceTree = "<group>"; };
		6EF774872CB9681D00372AC8 /* CGPoint+Extensions.swift */ = {isa = PBXFileReference; lastKnownFileType = sourcecode.swift; path = "CGPoint+Extensions.swift"; sourceTree = "<group>"; };
		6EF774892CB98A4700372AC8 /* Vision+Extensions.swift */ = {isa = PBXFileReference; lastKnownFileType = sourcecode.swift; path = "Vision+Extensions.swift"; sourceTree = "<group>"; };
		8737E3B5A129D7A982BBFAD1 /* Pods-Tactile Vision.debug.xcconfig */ = {isa = PBXFileReference; includeInIndex = 1; lastKnownFileType = text.xcconfig; name = "Pods-Tactile Vision.debug.xcconfig"; path = "Target Support Files/Pods-Tactile Vision/Pods-Tactile Vision.debug.xcconfig"; sourceTree = "<group>"; };
		A8DC3F3E0E4B7A9669C8AADC /* Pods_Tactile_Vision.framework */ = {isa = PBXFileReference; explicitFileType = wrapper.framework; includeInIndex = 0; path = Pods_Tactile_Vision.framework; sourceTree = BUILT_PRODUCTS_DIR; };
		E8BEC5C087DDBDDC527E7E5F /* Pods-Tactile Vision.release.xcconfig */ = {isa = PBXFileReference; includeInIndex = 1; lastKnownFileType = text.xcconfig; name = "Pods-Tactile Vision.release.xcconfig"; path = "Target Support Files/Pods-Tactile Vision/Pods-Tactile Vision.release.xcconfig"; sourceTree = "<group>"; };
/* End PBXFileReference section */

/* Begin PBXFrameworksBuildPhase section */
		6E1A6BE72C612AC900490E16 /* Frameworks */ = {
			isa = PBXFrameworksBuildPhase;
			buildActionMask = 2147483647;
			files = (
				6E6C225B2C9AC3CB007F602E /* BlueDress in Frameworks */,
				138BF415C613174DC83867AB /* Pods_Tactile_Vision.framework in Frameworks */,
			);
			runOnlyForDeploymentPostprocessing = 0;
		};
/* End PBXFrameworksBuildPhase section */

/* Begin PBXGroup section */
		6E0309A92C99BA5700A575B3 /* Services */ = {
			isa = PBXGroup;
			children = (
				6E0309AA2C99BA6F00A575B3 /* GestureRecognizerService.swift */,
			);
			path = Services;
			sourceTree = "<group>";
		};
		6E1A6BE12C612AC900490E16 = {
			isa = PBXGroup;
			children = (
				6E1A6BEC2C612AC900490E16 /* Tactile Vision */,
				6E1A6BEB2C612AC900490E16 /* Products */,
				BC5653ADFCD331002D5FF82E /* Pods */,
				83C9616E2C2E264513A54023 /* Frameworks */,
			);
			sourceTree = "<group>";
		};
		6E1A6BEB2C612AC900490E16 /* Products */ = {
			isa = PBXGroup;
			children = (
				6E1A6BEA2C612AC900490E16 /* Tactile Vision.app */,
			);
			name = Products;
			sourceTree = "<group>";
		};
		6E1A6BEC2C612AC900490E16 /* Tactile Vision */ = {
			isa = PBXGroup;
			children = (
				6E0309AC2C99BBF000A575B3 /* gesture_recognizer.task */,
				6E1A6BED2C612AC900490E16 /* TactileVisionApp.swift */,
				6E7C4E9D2C81BCC4005859FF /* Screens */,
				6E1A6BFB2C612B0F00490E16 /* Views */,
				6E1A6BFC2C612B3600490E16 /* Models */,
				6E6A88742C689FF000BA2103 /* Coordinators */,
				6E0309A92C99BA5700A575B3 /* Services */,
				6E55D9472C628F0400EC1068 /* Extensions */,
				6E1A6BF12C612ACB00490E16 /* Assets.xcassets */,
				6E1A6BF32C612ACB00490E16 /* Preview Content */,
			);
			path = "Tactile Vision";
			sourceTree = "<group>";
		};
		6E1A6BF32C612ACB00490E16 /* Preview Content */ = {
			isa = PBXGroup;
			children = (
				6E1A6BF42C612ACB00490E16 /* Preview Assets.xcassets */,
			);
			path = "Preview Content";
			sourceTree = "<group>";
		};
		6E1A6BFB2C612B0F00490E16 /* Views */ = {
			isa = PBXGroup;
			children = (
				6E1A6BFD2C612B6600490E16 /* ARViewContainer.swift */,
				6E7C4E9E2C81BECF005859FF /* CustomButton.swift */,
			);
			path = Views;
			sourceTree = "<group>";
		};
		6E1A6BFC2C612B3600490E16 /* Models */ = {
			isa = PBXGroup;
			children = (
				6EE20FAF2CB81D6C00AF4955 /* HandTrackingSettings.swift */,
				6E1A6C012C612BDF00490E16 /* ARSettings.swift */,
			);
			path = Models;
			sourceTree = "<group>";
		};
		6E55D9472C628F0400EC1068 /* Extensions */ = {
			isa = PBXGroup;
			children = (
				6E6C225E2C9B3510007F602E /* Binding+Extensions.swift */,
				6E55D9482C628F8500EC1068 /* ARView+Extensions.swift */,
				6E55D94C2C64F1A000EC1068 /* ARConfiguration+Extensions.swift */,
				6E55D94E2C65118F00EC1068 /* ARWorldTrackingConfiguration+Extensions.swift */,
				6E6A88772C68AAB500BA2103 /* CVPixelBuffer+Extensions.swift */,
				6E6A88792C68AADB00BA2103 /* ARFrame+Extensions.swift */,
				6E6A887F2C6DF03300BA2103 /* simd_float+Extensions.swift */,
				6E6C22622C9B37DB007F602E /* MediaPipe+Extensions.swift */,
				6E6C22642C9C1822007F602E /* ARDepthData+Extensions.swift */,
				6EF774872CB9681D00372AC8 /* CGPoint+Extensions.swift */,
				6EF774892CB98A4700372AC8 /* Vision+Extensions.swift */,
			);
			path = Extensions;
			sourceTree = "<group>";
		};
		6E6A88742C689FF000BA2103 /* Coordinators */ = {
			isa = PBXGroup;
			children = (
				6E6C225C2C9B3360007F602E /* ARSettingsCoordinator.swift */,
				6E6A88752C68A0B600BA2103 /* VisionCoordinator.swift */,
				6E0309A72C99BA4900A575B3 /* MediaPipeCoordinator.swift */,
			);
			path = Coordinators;
			sourceTree = "<group>";
		};
		6E7C4E9D2C81BCC4005859FF /* Screens */ = {
			isa = PBXGroup;
			children = (
				6E1A6BEF2C612AC900490E16 /* MainScreen.swift */,
				6E1A6BFF2C612BBD00490E16 /* ARSettingsScreen.swift */,
				6EE20FAD2CB812FF00AF4955 /* HandTrackingSettingsScreen.swift */,
			);
			path = Screens;
			sourceTree = "<group>";
		};
		83C9616E2C2E264513A54023 /* Frameworks */ = {
			isa = PBXGroup;
			children = (
				A8DC3F3E0E4B7A9669C8AADC /* Pods_Tactile_Vision.framework */,
			);
			name = Frameworks;
			sourceTree = "<group>";
		};
		BC5653ADFCD331002D5FF82E /* Pods */ = {
			isa = PBXGroup;
			children = (
				8737E3B5A129D7A982BBFAD1 /* Pods-Tactile Vision.debug.xcconfig */,
				E8BEC5C087DDBDDC527E7E5F /* Pods-Tactile Vision.release.xcconfig */,
			);
			path = Pods;
			sourceTree = "<group>";
		};
/* End PBXGroup section */

/* Begin PBXNativeTarget section */
		6E1A6BE92C612AC900490E16 /* Tactile Vision */ = {
			isa = PBXNativeTarget;
			buildConfigurationList = 6E1A6BF82C612ACB00490E16 /* Build configuration list for PBXNativeTarget "Tactile Vision" */;
			buildPhases = (
				F94A3C8B353A79E327DA2C6C /* [CP] Check Pods Manifest.lock */,
				6E1A6BE62C612AC900490E16 /* Sources */,
				6E1A6BE72C612AC900490E16 /* Frameworks */,
				6E1A6BE82C612AC900490E16 /* Resources */,
				6E6C22582C9AC39A007F602E /* Embed Frameworks */,
			);
			buildRules = (
			);
			dependencies = (
			);
			name = "Tactile Vision";
			productName = "Tactile Vision";
			productReference = 6E1A6BEA2C612AC900490E16 /* Tactile Vision.app */;
			productType = "com.apple.product-type.application";
		};
/* End PBXNativeTarget section */

/* Begin PBXProject section */
		6E1A6BE22C612AC900490E16 /* Project object */ = {
			isa = PBXProject;
			attributes = {
				BuildIndependentTargetsInParallel = 1;
				LastSwiftUpdateCheck = 1540;
				LastUpgradeCheck = 1540;
				TargetAttributes = {
					6E1A6BE92C612AC900490E16 = {
						CreatedOnToolsVersion = 15.4;
					};
				};
			};
			buildConfigurationList = 6E1A6BE52C612AC900490E16 /* Build configuration list for PBXProject "Tactile Vision" */;
			compatibilityVersion = "Xcode 14.0";
			developmentRegion = en;
			hasScannedForEncodings = 0;
			knownRegions = (
				en,
				Base,
			);
			mainGroup = 6E1A6BE12C612AC900490E16;
			packageReferences = (
				6E6C22592C9AC3CB007F602E /* XCRemoteSwiftPackageReference "BlueDress" */,
			);
			productRefGroup = 6E1A6BEB2C612AC900490E16 /* Products */;
			projectDirPath = "";
			projectRoot = "";
			targets = (
				6E1A6BE92C612AC900490E16 /* Tactile Vision */,
			);
		};
/* End PBXProject section */

/* Begin PBXResourcesBuildPhase section */
		6E1A6BE82C612AC900490E16 /* Resources */ = {
			isa = PBXResourcesBuildPhase;
			buildActionMask = 2147483647;
			files = (
				6E0309AD2C99BBF000A575B3 /* gesture_recognizer.task in Resources */,
				6E1A6BF52C612ACB00490E16 /* Preview Assets.xcassets in Resources */,
				6E1A6BF22C612ACB00490E16 /* Assets.xcassets in Resources */,
			);
			runOnlyForDeploymentPostprocessing = 0;
		};
/* End PBXResourcesBuildPhase section */

/* Begin PBXShellScriptBuildPhase section */
		F94A3C8B353A79E327DA2C6C /* [CP] Check Pods Manifest.lock */ = {
			isa = PBXShellScriptBuildPhase;
			buildActionMask = 2147483647;
			files = (
			);
			inputFileListPaths = (
			);
			inputPaths = (
				"${PODS_PODFILE_DIR_PATH}/Podfile.lock",
				"${PODS_ROOT}/Manifest.lock",
			);
			name = "[CP] Check Pods Manifest.lock";
			outputFileListPaths = (
			);
			outputPaths = (
				"$(DERIVED_FILE_DIR)/Pods-Tactile Vision-checkManifestLockResult.txt",
			);
			runOnlyForDeploymentPostprocessing = 0;
			shellPath = /bin/sh;
			shellScript = "diff \"${PODS_PODFILE_DIR_PATH}/Podfile.lock\" \"${PODS_ROOT}/Manifest.lock\" > /dev/null\nif [ $? != 0 ] ; then\n    # print error to STDERR\n    echo \"error: The sandbox is not in sync with the Podfile.lock. Run 'pod install' or update your CocoaPods installation.\" >&2\n    exit 1\nfi\n# This output is used by Xcode 'outputs' to avoid re-running this script phase.\necho \"SUCCESS\" > \"${SCRIPT_OUTPUT_FILE_0}\"\n";
			showEnvVarsInLog = 0;
		};
/* End PBXShellScriptBuildPhase section */

/* Begin PBXSourcesBuildPhase section */
		6E1A6BE62C612AC900490E16 /* Sources */ = {
			isa = PBXSourcesBuildPhase;
			buildActionMask = 2147483647;
			files = (
				6E6A88802C6DF03300BA2103 /* simd_float+Extensions.swift in Sources */,
				6E0309AB2C99BA6F00A575B3 /* GestureRecognizerService.swift in Sources */,
				6EF7748A2CB98A4700372AC8 /* Vision+Extensions.swift in Sources */,
				6EE20FB02CB81D6C00AF4955 /* HandTrackingSettings.swift in Sources */,
				6E55D94D2C64F1A000EC1068 /* ARConfiguration+Extensions.swift in Sources */,
				6E55D94F2C65118F00EC1068 /* ARWorldTrackingConfiguration+Extensions.swift in Sources */,
				6E1A6C002C612BBD00490E16 /* ARSettingsScreen.swift in Sources */,
				6E1A6BF02C612AC900490E16 /* MainScreen.swift in Sources */,
				6E1A6BEE2C612AC900490E16 /* TactileVisionApp.swift in Sources */,
				6E0309A82C99BA4900A575B3 /* MediaPipeCoordinator.swift in Sources */,
				6E6C22632C9B37DB007F602E /* MediaPipe+Extensions.swift in Sources */,
				6E55D9492C628F8500EC1068 /* ARView+Extensions.swift in Sources */,
				6E1A6BFE2C612B6600490E16 /* ARViewContainer.swift in Sources */,
				6E6A887A2C68AADB00BA2103 /* ARFrame+Extensions.swift in Sources */,
				6E6C22652C9C1822007F602E /* ARDepthData+Extensions.swift in Sources */,
				6E6C225F2C9B3511007F602E /* Binding+Extensions.swift in Sources */,
				6EE20FAE2CB812FF00AF4955 /* HandTrackingSettingsScreen.swift in Sources */,
				6E1A6C022C612BDF00490E16 /* ARSettings.swift in Sources */,
				6E6A88762C68A0B600BA2103 /* VisionCoordinator.swift in Sources */,
				6EF774882CB9681D00372AC8 /* CGPoint+Extensions.swift in Sources */,
				6E6A88782C68AAB500BA2103 /* CVPixelBuffer+Extensions.swift in Sources */,
				6E6C225D2C9B3360007F602E /* ARSettingsCoordinator.swift in Sources */,
				6E7C4E9F2C81BECF005859FF /* CustomButton.swift in Sources */,
			);
			runOnlyForDeploymentPostprocessing = 0;
		};
/* End PBXSourcesBuildPhase section */

/* Begin XCBuildConfiguration section */
		6E1A6BF62C612ACB00490E16 /* Debug */ = {
			isa = XCBuildConfiguration;
			buildSettings = {
				ALWAYS_SEARCH_USER_PATHS = NO;
				ASSETCATALOG_COMPILER_GENERATE_SWIFT_ASSET_SYMBOL_EXTENSIONS = YES;
				CLANG_ANALYZER_NONNULL = YES;
				CLANG_ANALYZER_NUMBER_OBJECT_CONVERSION = YES_AGGRESSIVE;
				CLANG_CXX_LANGUAGE_STANDARD = "gnu++20";
				CLANG_ENABLE_MODULES = YES;
				CLANG_ENABLE_OBJC_ARC = YES;
				CLANG_ENABLE_OBJC_WEAK = YES;
				CLANG_WARN_BLOCK_CAPTURE_AUTORELEASING = YES;
				CLANG_WARN_BOOL_CONVERSION = YES;
				CLANG_WARN_COMMA = YES;
				CLANG_WARN_CONSTANT_CONVERSION = YES;
				CLANG_WARN_DEPRECATED_OBJC_IMPLEMENTATIONS = YES;
				CLANG_WARN_DIRECT_OBJC_ISA_USAGE = YES_ERROR;
				CLANG_WARN_DOCUMENTATION_COMMENTS = YES;
				CLANG_WARN_EMPTY_BODY = YES;
				CLANG_WARN_ENUM_CONVERSION = YES;
				CLANG_WARN_INFINITE_RECURSION = YES;
				CLANG_WARN_INT_CONVERSION = YES;
				CLANG_WARN_NON_LITERAL_NULL_CONVERSION = YES;
				CLANG_WARN_OBJC_IMPLICIT_RETAIN_SELF = YES;
				CLANG_WARN_OBJC_LITERAL_CONVERSION = YES;
				CLANG_WARN_OBJC_ROOT_CLASS = YES_ERROR;
				CLANG_WARN_QUOTED_INCLUDE_IN_FRAMEWORK_HEADER = YES;
				CLANG_WARN_RANGE_LOOP_ANALYSIS = YES;
				CLANG_WARN_STRICT_PROTOTYPES = YES;
				CLANG_WARN_SUSPICIOUS_MOVE = YES;
				CLANG_WARN_UNGUARDED_AVAILABILITY = YES_AGGRESSIVE;
				CLANG_WARN_UNREACHABLE_CODE = YES;
				CLANG_WARN__DUPLICATE_METHOD_MATCH = YES;
				COPY_PHASE_STRIP = NO;
				DEBUG_INFORMATION_FORMAT = dwarf;
				ENABLE_STRICT_OBJC_MSGSEND = YES;
				ENABLE_TESTABILITY = YES;
				ENABLE_USER_SCRIPT_SANDBOXING = YES;
				GCC_C_LANGUAGE_STANDARD = gnu17;
				GCC_DYNAMIC_NO_PIC = NO;
				GCC_NO_COMMON_BLOCKS = YES;
				GCC_OPTIMIZATION_LEVEL = 0;
				GCC_PREPROCESSOR_DEFINITIONS = (
					"DEBUG=1",
					"$(inherited)",
				);
				GCC_WARN_64_TO_32_BIT_CONVERSION = YES;
				GCC_WARN_ABOUT_RETURN_TYPE = YES_ERROR;
				GCC_WARN_UNDECLARED_SELECTOR = YES;
				GCC_WARN_UNINITIALIZED_AUTOS = YES_AGGRESSIVE;
				GCC_WARN_UNUSED_FUNCTION = YES;
				GCC_WARN_UNUSED_VARIABLE = YES;
				IPHONEOS_DEPLOYMENT_TARGET = 17.5;
				LOCALIZATION_PREFERS_STRING_CATALOGS = YES;
				MTL_ENABLE_DEBUG_INFO = INCLUDE_SOURCE;
				MTL_FAST_MATH = YES;
				ONLY_ACTIVE_ARCH = YES;
				SDKROOT = iphoneos;
				SWIFT_ACTIVE_COMPILATION_CONDITIONS = "DEBUG $(inherited)";
				SWIFT_OPTIMIZATION_LEVEL = "-Onone";
			};
			name = Debug;
		};
		6E1A6BF72C612ACB00490E16 /* Release */ = {
			isa = XCBuildConfiguration;
			buildSettings = {
				ALWAYS_SEARCH_USER_PATHS = NO;
				ASSETCATALOG_COMPILER_GENERATE_SWIFT_ASSET_SYMBOL_EXTENSIONS = YES;
				CLANG_ANALYZER_NONNULL = YES;
				CLANG_ANALYZER_NUMBER_OBJECT_CONVERSION = YES_AGGRESSIVE;
				CLANG_CXX_LANGUAGE_STANDARD = "gnu++20";
				CLANG_ENABLE_MODULES = YES;
				CLANG_ENABLE_OBJC_ARC = YES;
				CLANG_ENABLE_OBJC_WEAK = YES;
				CLANG_WARN_BLOCK_CAPTURE_AUTORELEASING = YES;
				CLANG_WARN_BOOL_CONVERSION = YES;
				CLANG_WARN_COMMA = YES;
				CLANG_WARN_CONSTANT_CONVERSION = YES;
				CLANG_WARN_DEPRECATED_OBJC_IMPLEMENTATIONS = YES;
				CLANG_WARN_DIRECT_OBJC_ISA_USAGE = YES_ERROR;
				CLANG_WARN_DOCUMENTATION_COMMENTS = YES;
				CLANG_WARN_EMPTY_BODY = YES;
				CLANG_WARN_ENUM_CONVERSION = YES;
				CLANG_WARN_INFINITE_RECURSION = YES;
				CLANG_WARN_INT_CONVERSION = YES;
				CLANG_WARN_NON_LITERAL_NULL_CONVERSION = YES;
				CLANG_WARN_OBJC_IMPLICIT_RETAIN_SELF = YES;
				CLANG_WARN_OBJC_LITERAL_CONVERSION = YES;
				CLANG_WARN_OBJC_ROOT_CLASS = YES_ERROR;
				CLANG_WARN_QUOTED_INCLUDE_IN_FRAMEWORK_HEADER = YES;
				CLANG_WARN_RANGE_LOOP_ANALYSIS = YES;
				CLANG_WARN_STRICT_PROTOTYPES = YES;
				CLANG_WARN_SUSPICIOUS_MOVE = YES;
				CLANG_WARN_UNGUARDED_AVAILABILITY = YES_AGGRESSIVE;
				CLANG_WARN_UNREACHABLE_CODE = YES;
				CLANG_WARN__DUPLICATE_METHOD_MATCH = YES;
				COPY_PHASE_STRIP = NO;
				DEBUG_INFORMATION_FORMAT = "dwarf-with-dsym";
				ENABLE_NS_ASSERTIONS = NO;
				ENABLE_STRICT_OBJC_MSGSEND = YES;
				ENABLE_USER_SCRIPT_SANDBOXING = YES;
				GCC_C_LANGUAGE_STANDARD = gnu17;
				GCC_NO_COMMON_BLOCKS = YES;
				GCC_WARN_64_TO_32_BIT_CONVERSION = YES;
				GCC_WARN_ABOUT_RETURN_TYPE = YES_ERROR;
				GCC_WARN_UNDECLARED_SELECTOR = YES;
				GCC_WARN_UNINITIALIZED_AUTOS = YES_AGGRESSIVE;
				GCC_WARN_UNUSED_FUNCTION = YES;
				GCC_WARN_UNUSED_VARIABLE = YES;
				IPHONEOS_DEPLOYMENT_TARGET = 17.5;
				LOCALIZATION_PREFERS_STRING_CATALOGS = YES;
				MTL_ENABLE_DEBUG_INFO = NO;
				MTL_FAST_MATH = YES;
				SDKROOT = iphoneos;
				SWIFT_COMPILATION_MODE = wholemodule;
				VALIDATE_PRODUCT = YES;
			};
			name = Release;
		};
		6E1A6BF92C612ACB00490E16 /* Debug */ = {
			isa = XCBuildConfiguration;
			baseConfigurationReference = 8737E3B5A129D7A982BBFAD1 /* Pods-Tactile Vision.debug.xcconfig */;
			buildSettings = {
				ASSETCATALOG_COMPILER_APPICON_NAME = AppIcon;
				ASSETCATALOG_COMPILER_GLOBAL_ACCENT_COLOR_NAME = AccentColor;
				CODE_SIGN_STYLE = Automatic;
				CURRENT_PROJECT_VERSION = 1;
				DEVELOPMENT_ASSET_PATHS = "\"Tactile Vision/Preview Content\"";
				DEVELOPMENT_TEAM = U33WGMG679;
				ENABLE_PREVIEWS = YES;
				GENERATE_INFOPLIST_FILE = YES;
				INFOPLIST_KEY_NSCameraUsageDescription = "To use Augmented Reality, this app needs access to your camera.";
				INFOPLIST_KEY_UIApplicationSceneManifest_Generation = YES;
				INFOPLIST_KEY_UIApplicationSupportsIndirectInputEvents = YES;
				INFOPLIST_KEY_UILaunchScreen_Generation = YES;
				INFOPLIST_KEY_UIRequiredDeviceCapabilities = "\"\" arkit";
				INFOPLIST_KEY_UISupportedInterfaceOrientations_iPad = "UIInterfaceOrientationPortrait UIInterfaceOrientationPortraitUpsideDown UIInterfaceOrientationLandscapeLeft UIInterfaceOrientationLandscapeRight";
				INFOPLIST_KEY_UISupportedInterfaceOrientations_iPhone = "UIInterfaceOrientationPortrait UIInterfaceOrientationLandscapeLeft UIInterfaceOrientationLandscapeRight";
				IPHONEOS_DEPLOYMENT_TARGET = 17.6;
				LD_RUNPATH_SEARCH_PATHS = (
					"$(inherited)",
					"@executable_path/Frameworks",
				);
				MARKETING_VERSION = 1.0;
				PRODUCT_BUNDLE_IDENTIFIER = "aguirre.pablo.Tactile-Vision-";
				PRODUCT_NAME = "$(TARGET_NAME)";
				SWIFT_EMIT_LOC_STRINGS = YES;
				SWIFT_VERSION = 5.0;
				TARGETED_DEVICE_FAMILY = "1,2";
			};
			name = Debug;
		};
		6E1A6BFA2C612ACB00490E16 /* Release */ = {
			isa = XCBuildConfiguration;
			baseConfigurationReference = E8BEC5C087DDBDDC527E7E5F /* Pods-Tactile Vision.release.xcconfig */;
			buildSettings = {
				ASSETCATALOG_COMPILER_APPICON_NAME = AppIcon;
				ASSETCATALOG_COMPILER_GLOBAL_ACCENT_COLOR_NAME = AccentColor;
				CODE_SIGN_STYLE = Automatic;
				CURRENT_PROJECT_VERSION = 1;
				DEVELOPMENT_ASSET_PATHS = "\"Tactile Vision/Preview Content\"";
				DEVELOPMENT_TEAM = U33WGMG679;
				ENABLE_PREVIEWS = YES;
				GENERATE_INFOPLIST_FILE = YES;
				INFOPLIST_KEY_NSCameraUsageDescription = "To use Augmented Reality, this app needs access to your camera.";
				INFOPLIST_KEY_UIApplicationSceneManifest_Generation = YES;
				INFOPLIST_KEY_UIApplicationSupportsIndirectInputEvents = YES;
				INFOPLIST_KEY_UILaunchScreen_Generation = YES;
				INFOPLIST_KEY_UIRequiredDeviceCapabilities = "\"\" arkit";
				INFOPLIST_KEY_UISupportedInterfaceOrientations_iPad = "UIInterfaceOrientationPortrait UIInterfaceOrientationPortraitUpsideDown UIInterfaceOrientationLandscapeLeft UIInterfaceOrientationLandscapeRight";
				INFOPLIST_KEY_UISupportedInterfaceOrientations_iPhone = "UIInterfaceOrientationPortrait UIInterfaceOrientationLandscapeLeft UIInterfaceOrientationLandscapeRight";
				IPHONEOS_DEPLOYMENT_TARGET = 17.6;
				LD_RUNPATH_SEARCH_PATHS = (
					"$(inherited)",
					"@executable_path/Frameworks",
				);
				MARKETING_VERSION = 1.0;
				PRODUCT_BUNDLE_IDENTIFIER = "aguirre.pablo.Tactile-Vision-";
				PRODUCT_NAME = "$(TARGET_NAME)";
				SWIFT_EMIT_LOC_STRINGS = YES;
				SWIFT_VERSION = 5.0;
				TARGETED_DEVICE_FAMILY = "1,2";
			};
			name = Release;
		};
/* End XCBuildConfiguration section */

/* Begin XCConfigurationList section */
		6E1A6BE52C612AC900490E16 /* Build configuration list for PBXProject "Tactile Vision" */ = {
			isa = XCConfigurationList;
			buildConfigurations = (
				6E1A6BF62C612ACB00490E16 /* Debug */,
				6E1A6BF72C612ACB00490E16 /* Release */,
			);
			defaultConfigurationIsVisible = 0;
			defaultConfigurationName = Release;
		};
		6E1A6BF82C612ACB00490E16 /* Build configuration list for PBXNativeTarget "Tactile Vision" */ = {
			isa = XCConfigurationList;
			buildConfigurations = (
				6E1A6BF92C612ACB00490E16 /* Debug */,
				6E1A6BFA2C612ACB00490E16 /* Release */,
			);
			defaultConfigurationIsVisible = 0;
			defaultConfigurationName = Release;
		};
/* End XCConfigurationList section */

/* Begin XCRemoteSwiftPackageReference section */
		6E6C22592C9AC3CB007F602E /* XCRemoteSwiftPackageReference "BlueDress" */ = {
			isa = XCRemoteSwiftPackageReference;
			repositoryURL = "git@github.com:noppefoxwolf/BlueDress.git";
			requirement = {
				branch = master;
				kind = branch;
			};
		};
/* End XCRemoteSwiftPackageReference section */

/* Begin XCSwiftPackageProductDependency section */
		6E6C225A2C9AC3CB007F602E /* BlueDress */ = {
			isa = XCSwiftPackageProductDependency;
			package = 6E6C22592C9AC3CB007F602E /* XCRemoteSwiftPackageReference "BlueDress" */;
			productName = BlueDress;
		};
/* End XCSwiftPackageProductDependency section */
	};
	rootObject = 6E1A6BE22C612AC900490E16 /* Project object */;
}
